Microsoft Visual Studio Solution File, Format Version 12.00
# Visual Studio Version 17
VisualStudioVersion = 17.5.2.0
MinimumVisualStudioVersion = 10.0.40219.1
Project("{FAE04EC0-301F-11D3-BF4B-00C04F79EFBC}") = "TaskDistributionSystem", "TaskDistributionSystem.csproj", "{37F2BD13-7FC2-1C1D-AF23-FC4F8EE46FA6}"
EndProject
Global
	GlobalSection(SolutionConfigurationPlatforms) = preSolution
		Debug|Any CPU = Debug|Any CPU
		Release|Any CPU = Release|Any CPU
	EndGlobalSection
	GlobalSection(ProjectConfigurationPlatforms) = postSolution
		{37F2BD13-7FC2-1C1D-AF23-FC4F8EE46FA6}.Debug|Any CPU.ActiveCfg = Debug|Any CPU
		{37F2BD13-7FC2-1C1D-AF23-FC4F8EE46FA6}.Debug|Any CPU.Build.0 = Debug|Any CPU
		{37F2BD13-7FC2-1C1D-AF23-FC4F8EE46FA6}.Release|Any CPU.ActiveCfg = Release|Any CPU
		{37F2BD13-7FC2-1C1D-AF23-FC4F8EE46FA6}.Release|Any CPU.Build.0 = Release|Any CPU
	EndGlobalSection
	GlobalSection(SolutionProperties) = preSolution
		HideSolutionNode = FALSE
	EndGlobalSection
	GlobalSection(ExtensibilityGlobals) = postSolution
		SolutionGuid = {61EAEDA4-F314-45EE-86EF-094BE5D0D998}
	EndGlobalSection
EndGlobal
